PODS:
  - EDSemver (0.2.1)
  - Fingertips (0.3.0)
  - GoogleAnalytics-iOS-SDK (2.0beta4)
  - HexColors (2.2.1)
  - iRate (1.9.2)
  - iTellAFriend (1.4.1)
  - NXOAuth2Client (1.2.4)
  - Reachability (3.1.1)
  - SVProgressHUD (1.0)
  - TDBadgedCell (2.4.1)
  - TestFlightSDK (2.2.1-beta)
  - TSMessages (0.9.4):
    - HexColors
  - UIDevice-Hardware (0.1.3)

DEPENDENCIES:
  - EDSemver
  - Fingertips
  - GoogleAnalytics-iOS-SDK (= 2.0beta4)
  - iRate
  - iTellAFriend (= 1.4.1)
  - NXOAuth2Client
  - Reachability
  - SVProgressHUD
  - TDBadgedCell
  - TestFlightSDK
  - TSMessages
  - UIDevice-Hardware (~> 0.1.3)

SPEC CHECKSUMS:
  EDSemver: 810f2fcba0d10b1982aaae470b73c284aad96a64
  Fingertips: ba4141dcd79c0474bb51167f039de3473f72a2ca
  GoogleAnalytics-iOS-SDK: acf0f1ac4dcac408d17e7766454918b7e9e2b03a
  HexColors: 3a68db077cd6572a8f7d4aa1add284dd2436a934
  iRate: 7c4bc22ab4a8752185d84bed7a98dc111c8212a5
  iTellAFriend: 8a4f890bc911ca63010d439bdb3c7fff79b09483
  NXOAuth2Client: 4666d0d73ba7689181ef4597e1b1beda3978c724
  Reachability: be4883bb93f31e38266ae3365e5600a317aae735
  SVProgressHUD: 5e10939a296debf5fe5a5895eda9539b8b2114f1
  TDBadgedCell: 16b3256427b4bfc61e7822f0c3eebc6b71cad60d
  TestFlightSDK: 4249c2f70e621bcfbdebf019073169c8fe36be13
  TSMessages: 5ab92604b02e49a755d2cc2baf114d2248a90977
  UIDevice-Hardware: 32832a484ef6d7cf5be9c8cc48d307c82c8e4713

COCOAPODS: 0.25.0
